{
  "name": "setup-bazel",
  "version": "0.8.1",
  "lockfileVersion": 1,
  "requires": true,
  "dependencies": {
    "@actions/cache": {
      "version": "3.2.4",
      "resolved": "https://registry.npmjs.org/@actions/cache/-/cache-3.2.4.tgz",
      "integrity": "sha512-RuHnwfcDagtX+37s0ZWy7clbOfnZ7AlDJQ7k/9rzt2W4Gnwde3fa/qjSjVuz4vLcLIpc7fUob27CMrqiWZytYA==",
      "requires": {
        "@actions/core": "^1.10.0",
        "@actions/exec": "^1.0.1",
        "@actions/glob": "^0.1.0",
        "@actions/http-client": "^2.1.1",
        "@actions/io": "^1.0.1",
        "@azure/abort-controller": "^1.1.0",
        "@azure/ms-rest-js": "^2.6.0",
        "@azure/storage-blob": "^12.13.0",
        "semver": "^6.3.1",
        "uuid": "^3.3.3"
      },
      "dependencies": {
        "@actions/glob": {
          "version": "0.1.2",
          "resolved": "https://registry.npmjs.org/@actions/glob/-/glob-0.1.2.tgz",
          "integrity": "sha512-SclLR7Ia5sEqjkJTPs7Sd86maMDw43p769YxBOxvPvEWuPEhpAnBsQfENOpXjFYMmhCqd127bmf+YdvJqVqR4A==",
          "requires": {
            "@actions/core": "^1.2.6",
            "minimatch": "^3.0.4"
          }
        }
      }
    },
    "@actions/core": {
      "version": "1.10.1",
      "resolved": "https://registry.npmjs.org/@actions/core/-/core-1.10.1.tgz",
      "integrity": "sha512-3lBR9EDAY+iYIpTnTIXmWcNbX3T2kCkAEQGIQx4NVQ0575nk2k3GRZDTPQG+vVtS2izSLmINlxXf0uLtnrTP+g==",
      "requires": {
        "@actions/http-client": "^2.0.1",
        "uuid": "^8.3.2"
      },
      "dependencies": {
        "uuid": {
          "version": "8.3.2",
          "resolved": "https://registry.npmjs.org/uuid/-/uuid-8.3.2.tgz",
          "integrity": "sha512-+NYs2QeMWy+GWFOEm9xnn6HCDp0l7QBD7ml8zLUmJ+93Q5NF0NocErnwkTkXVFNiX3/fpC6afS8Dhb/gz7R7eg=="
        }
      }
    },
    "@actions/exec": {
      "version": "1.1.1",
      "resolved": "https://registry.npmjs.org/@actions/exec/-/exec-1.1.1.tgz",
      "integrity": "sha512-+sCcHHbVdk93a0XT19ECtO/gIXoxvdsgQLzb2fE2/5sIZmWQuluYyjPQtrtTHdU1YzTZ7bAPN4sITq2xi1679w==",
      "requires": {
        "@actions/io": "^1.0.1"
      }
    },
    "@actions/github": {
      "version": "6.0.0",
      "resolved": "https://registry.npmjs.org/@actions/github/-/github-6.0.0.tgz",
      "integrity": "sha512-alScpSVnYmjNEXboZjarjukQEzgCRmjMv6Xj47fsdnqGS73bjJNDpiiXmp8jr0UZLdUB6d9jW63IcmddUP+l0g==",
      "requires": {
        "@actions/http-client": "^2.2.0",
        "@octokit/core": "^5.0.1",
        "@octokit/plugin-paginate-rest": "^9.0.0",
        "@octokit/plugin-rest-endpoint-methods": "^10.0.0"
      }
    },
    "@actions/glob": {
      "version": "0.4.0",
      "resolved": "https://registry.npmjs.org/@actions/glob/-/glob-0.4.0.tgz",
      "integrity": "sha512-+eKIGFhsFa4EBwaf/GMyzCdWrXWymGXfFmZU3FHQvYS8mPcHtTtZONbkcqqUMzw9mJ/pImEBFET1JNifhqGsAQ==",
      "requires": {
        "@actions/core": "^1.9.1",
        "minimatch": "^3.0.4"
      }
    },
    "@actions/http-client": {
      "version": "2.2.1",
      "resolved": "https://registry.npmjs.org/@actions/http-client/-/http-client-2.2.1.tgz",
      "integrity": "sha512-KhC/cZsq7f8I4LfZSJKgCvEwfkE8o1538VoBeoGzokVLLnbFDEAdFD3UhoMklxo2un9NJVBdANOresx7vTHlHw==",
      "requires": {
        "tunnel": "^0.0.6",
        "undici": "^5.25.4"
      }
    },
    "@actions/io": {
      "version": "1.1.3",
      "resolved": "https://registry.npmjs.org/@actions/io/-/io-1.1.3.tgz",
      "integrity": "sha512-wi9JjgKLYS7U/z8PPbco+PvTb/nRWjeoFlJ1Qer83k/3C5PHQi28hiVdeE2kHXmIL99mQFawx8qt/JPjZilJ8Q=="
    },
    "@actions/tool-cache": {
      "version": "2.0.1",
      "resolved": "https://registry.npmjs.org/@actions/tool-cache/-/tool-cache-2.0.1.tgz",
      "integrity": "sha512-iPU+mNwrbA8jodY8eyo/0S/QqCKDajiR8OxWTnSk/SnYg0sj8Hp4QcUEVC1YFpHWXtrfbQrE13Jz4k4HXJQKcA==",
      "requires": {
        "@actions/core": "^1.2.6",
        "@actions/exec": "^1.0.0",
        "@actions/http-client": "^2.0.1",
        "@actions/io": "^1.1.1",
        "semver": "^6.1.0",
        "uuid": "^3.3.2"
      }
    },
    "@azure/abort-controller": {
      "version": "1.1.0",
      "resolved": "https://registry.npmjs.org/@azure/abort-controller/-/abort-controller-1.1.0.tgz",
      "integrity": "sha512-TrRLIoSQVzfAJX9H1JeFjzAoDGcoK1IYX1UImfceTZpsyYfWr09Ss1aHW1y5TrrR3iq6RZLBwJ3E24uwPhwahw==",
      "requires": {
        "tslib": "^2.2.0"
      }
    },
    "@azure/core-auth": {
      "version": "1.7.1",
      "resolved": "https://registry.npmjs.org/@azure/core-auth/-/core-auth-1.7.1.tgz",
      "integrity": "sha512-dyeQwvgthqs/SlPVQbZQetpslXceHd4i5a7M/7z/lGEAVwnSluabnQOjF2/dk/hhWgMISusv1Ytp4mQ8JNy62A==",
      "requires": {
        "@azure/abort-controller": "^2.0.0",
        "@azure/core-util": "^1.1.0",
        "tslib": "^2.6.2"
      },
      "dependencies": {
        "@azure/abort-controller": {
          "version": "2.1.1",
          "resolved": "https://registry.npmjs.org/@azure/abort-controller/-/abort-controller-2.1.1.tgz",
          "integrity": "sha512-NhzeNm5zu2fPlwGXPUjzsRCRuPx5demaZyNcyNYJDqpa/Sbxzvo/RYt9IwUaAOnDW5+r7J9UOE6f22TQnb9nhQ==",
          "requires": {
            "tslib": "^2.6.2"
          }
        }
      }
    },
    "@azure/core-http": {
      "version": "3.0.4",
      "resolved": "https://registry.npmjs.org/@azure/core-http/-/core-http-3.0.4.tgz",
      "integrity": "sha512-Fok9VVhMdxAFOtqiiAtg74fL0UJkt0z3D+ouUUxcRLzZNBioPRAMJFVxiWoJljYpXsRi4GDQHzQHDc9AiYaIUQ==",
      "requires": {
        "@azure/abort-controller": "^1.0.0",
        "@azure/core-auth": "^1.3.0",
        "@azure/core-tracing": "1.0.0-preview.13",
        "@azure/core-util": "^1.1.1",
        "@azure/logger": "^1.0.0",
        "@types/node-fetch": "^2.5.0",
        "@types/tunnel": "^0.0.3",
        "form-data": "^4.0.0",
        "node-fetch": "^2.6.7",
        "process": "^0.11.10",
        "tslib": "^2.2.0",
        "tunnel": "^0.0.6",
        "uuid": "^8.3.0",
        "xml2js": "^0.5.0"
      },
      "dependencies": {
        "form-data": {
          "version": "4.0.0",
          "resolved": "https://registry.npmjs.org/form-data/-/form-data-4.0.0.tgz",
          "integrity": "sha512-ETEklSGi5t0QMZuiXoA/Q6vcnxcLQP5vdugSpuAyi6SVGi2clPPp+xgEhuMaHC+zGgn31Kd235W35f7Hykkaww==",
          "requires": {
            "asynckit": "^0.4.0",
            "combined-stream": "^1.0.8",
            "mime-types": "^2.1.12"
          }
        },
        "uuid": {
          "version": "8.3.2",
          "resolved": "https://registry.npmjs.org/uuid/-/uuid-8.3.2.tgz",
          "integrity": "sha512-+NYs2QeMWy+GWFOEm9xnn6HCDp0l7QBD7ml8zLUmJ+93Q5NF0NocErnwkTkXVFNiX3/fpC6afS8Dhb/gz7R7eg=="
        }
      }
    },
    "@azure/core-lro": {
      "version": "2.7.1",
      "resolved": "https://registry.npmjs.org/@azure/core-lro/-/core-lro-2.7.1.tgz",
      "integrity": "sha512-kXSlrNHOCTVZMxpXNRqzgh9/j4cnNXU5Hf2YjMyjddRhCXFiFRzmNaqwN+XO9rGTsCOIaaG7M67zZdyliXZG9g==",
      "requires": {
        "@azure/abort-controller": "^2.0.0",
        "@azure/core-util": "^1.2.0",
        "@azure/logger": "^1.0.0",
        "tslib": "^2.6.2"
      },
      "dependencies": {
        "@azure/abort-controller": {
          "version": "2.1.1",
          "resolved": "https://registry.npmjs.org/@azure/abort-controller/-/abort-controller-2.1.1.tgz",
          "integrity": "sha512-NhzeNm5zu2fPlwGXPUjzsRCRuPx5demaZyNcyNYJDqpa/Sbxzvo/RYt9IwUaAOnDW5+r7J9UOE6f22TQnb9nhQ==",
          "requires": {
            "tslib": "^2.6.2"
          }
        }
      }
    },
    "@azure/core-paging": {
      "version": "1.6.1",
      "resolved": "https://registry.npmjs.org/@azure/core-paging/-/core-paging-1.6.1.tgz",
      "integrity": "sha512-3tKIQXSU3mlN+ITz0m2pXLnKK3oQ6/EVcW8ud011Iq+M0rx6Wnm7NUEpoMeOAEedeKlPtemrQzO6YWoDR71O5w==",
      "requires": {
        "tslib": "^2.6.2"
      }
    },
    "@azure/core-tracing": {
      "version": "1.0.0-preview.13",
      "resolved": "https://registry.npmjs.org/@azure/core-tracing/-/core-tracing-1.0.0-preview.13.tgz",
      "integrity": "sha512-KxDlhXyMlh2Jhj2ykX6vNEU0Vou4nHr025KoSEiz7cS3BNiHNaZcdECk/DmLkEB0as5T7b/TpRcehJ5yV6NeXQ==",
      "requires": {
        "@opentelemetry/api": "^1.0.1",
        "tslib": "^2.2.0"
      }
    },
    "@azure/core-util": {
      "version": "1.8.1",
      "resolved": "https://registry.npmjs.org/@azure/core-util/-/core-util-1.8.1.tgz",
      "integrity": "sha512-L3voj0StUdJ+YKomvwnTv7gHzguJO+a6h30pmmZdRprJCM+RJlGMPxzuh4R7lhQu1jNmEtaHX5wvTgWLDAmbGQ==",
      "requires": {
        "@azure/abort-controller": "^2.0.0",
        "tslib": "^2.6.2"
      },
      "dependencies": {
        "@azure/abort-controller": {
          "version": "2.1.1",
          "resolved": "https://registry.npmjs.org/@azure/abort-controller/-/abort-controller-2.1.1.tgz",
          "integrity": "sha512-NhzeNm5zu2fPlwGXPUjzsRCRuPx5demaZyNcyNYJDqpa/Sbxzvo/RYt9IwUaAOnDW5+r7J9UOE6f22TQnb9nhQ==",
          "requires": {
            "tslib": "^2.6.2"
          }
        }
      }
    },
    "@azure/logger": {
      "version": "1.1.1",
      "resolved": "https://registry.npmjs.org/@azure/logger/-/logger-1.1.1.tgz",
      "integrity": "sha512-/+4TtokaGgC+MnThdf6HyIH9Wrjp+CnCn3Nx3ggevN7FFjjNyjqg0yLlc2i9S+Z2uAzI8GYOo35Nzb1MhQ89MA==",
      "requires": {
        "tslib": "^2.6.2"
      }
    },
    "@azure/ms-rest-js": {
      "version": "2.7.0",
      "resolved": "https://registry.npmjs.org/@azure/ms-rest-js/-/ms-rest-js-2.7.0.tgz",
      "integrity": "sha512-ngbzWbqF+NmztDOpLBVDxYM+XLcUj7nKhxGbSU9WtIsXfRB//cf2ZbAG5HkOrhU9/wd/ORRB6lM/d69RKVjiyA==",
      "requires": {
        "@azure/core-auth": "^1.1.4",
        "abort-controller": "^3.0.0",
        "form-data": "^2.5.0",
        "node-fetch": "^2.6.7",
        "tslib": "^1.10.0",
        "tunnel": "0.0.6",
        "uuid": "^8.3.2",
        "xml2js": "^0.5.0"
      },
      "dependencies": {
        "tslib": {
          "version": "1.14.1",
          "resolved": "https://registry.npmjs.org/tslib/-/tslib-1.14.1.tgz",
          "integrity": "sha512-Xni35NKzjgMrwevysHTCArtLDpPvye8zV/0E4EyYn43P7/7qvQwPh9BGkHewbMulVntbigmcT7rdX3BNo9wRJg=="
        },
        "uuid": {
          "version": "8.3.2",
          "resolved": "https://registry.npmjs.org/uuid/-/uuid-8.3.2.tgz",
          "integrity": "sha512-+NYs2QeMWy+GWFOEm9xnn6HCDp0l7QBD7ml8zLUmJ+93Q5NF0NocErnwkTkXVFNiX3/fpC6afS8Dhb/gz7R7eg=="
        }
      }
    },
    "@azure/storage-blob": {
      "version": "12.17.0",
      "resolved": "https://registry.npmjs.org/@azure/storage-blob/-/storage-blob-12.17.0.tgz",
      "integrity": "sha512-sM4vpsCpcCApagRW5UIjQNlNylo02my2opgp0Emi8x888hZUvJ3dN69Oq20cEGXkMUWnoCrBaB0zyS3yeB87sQ==",
      "requires": {
        "@azure/abort-controller": "^1.0.0",
        "@azure/core-http": "^3.0.0",
        "@azure/core-lro": "^2.2.0",
        "@azure/core-paging": "^1.1.1",
        "@azure/core-tracing": "1.0.0-preview.13",
        "@azure/logger": "^1.0.0",
        "events": "^3.0.0",
        "tslib": "^2.2.0"
      }
    },
    "@fastify/busboy": {
      "version": "2.1.1",
      "resolved": "https://registry.npmjs.org/@fastify/busboy/-/busboy-2.1.1.tgz",
      "integrity": "sha512-vBZP4NlzfOlerQTnba4aqZoMhE/a9HY7HRqoOPaETQcSQuWEIyZMHGfVu6w9wGtGK5fED5qRs2DteVCjOH60sA=="
    },
    "@octokit/auth-token": {
      "version": "4.0.0",
      "resolved": "https://registry.npmjs.org/@octokit/auth-token/-/auth-token-4.0.0.tgz",
      "integrity": "sha512-tY/msAuJo6ARbK6SPIxZrPBms3xPbfwBrulZe0Wtr/DIY9lje2HeV1uoebShn6mx7SjCHif6EjMvoREj+gZ+SA=="
    },
    "@octokit/core": {
      "version": "5.2.0",
      "resolved": "https://registry.npmjs.org/@octokit/core/-/core-5.2.0.tgz",
      "integrity": "sha512-1LFfa/qnMQvEOAdzlQymH0ulepxbxnCYAKJZfMci/5XJyIHWgEYnDmgnKakbTh7CH2tFQ5O60oYDvns4i9RAIg==",
      "requires": {
        "@octokit/auth-token": "^4.0.0",
        "@octokit/graphql": "^7.1.0",
        "@octokit/request": "^8.3.1",
        "@octokit/request-error": "^5.1.0",
        "@octokit/types": "^13.0.0",
        "before-after-hook": "^2.2.0",
        "universal-user-agent": "^6.0.0"
      }
    },
    "@octokit/endpoint": {
      "version": "9.0.5",
      "resolved": "https://registry.npmjs.org/@octokit/endpoint/-/endpoint-9.0.5.tgz",
      "integrity": "sha512-ekqR4/+PCLkEBF6qgj8WqJfvDq65RH85OAgrtnVp1mSxaXF03u2xW/hUdweGS5654IlC0wkNYC18Z50tSYTAFw==",
      "requires": {
        "@octokit/types": "^13.1.0",
        "universal-user-agent": "^6.0.0"
      }
    },
    "@octokit/graphql": {
      "version": "7.1.0",
      "resolved": "https://registry.npmjs.org/@octokit/graphql/-/graphql-7.1.0.tgz",
      "integrity": "sha512-r+oZUH7aMFui1ypZnAvZmn0KSqAUgE1/tUXIWaqUCa1758ts/Jio84GZuzsvUkme98kv0WFY8//n0J1Z+vsIsQ==",
      "requires": {
        "@octokit/request": "^8.3.0",
        "@octokit/types": "^13.0.0",
        "universal-user-agent": "^6.0.0"
      }
    },
    "@octokit/openapi-types": {
      "version": "22.0.0",
      "resolved": "https://registry.npmjs.org/@octokit/openapi-types/-/openapi-types-22.0.0.tgz",
      "integrity": "sha512-kWzSxSIBjCtwrT8/O/A/nrSjmHvR5I9GGTHPyBU19VuEae+QZfaPnnfLwXgV56n51xHN3U2dYy8zh/kO9/39ig=="
    },
    "@octokit/plugin-paginate-rest": {
      "version": "9.2.1",
      "resolved": "https://registry.npmjs.org/@octokit/plugin-paginate-rest/-/plugin-paginate-rest-9.2.1.tgz",
      "integrity": "sha512-wfGhE/TAkXZRLjksFXuDZdmGnJQHvtU/joFQdweXUgzo1XwvBCD4o4+75NtFfjfLK5IwLf9vHTfSiU3sLRYpRw==",
      "requires": {
        "@octokit/types": "^12.6.0"
      },
      "dependencies": {
        "@octokit/openapi-types": {
          "version": "20.0.0",
          "resolved": "https://registry.npmjs.org/@octokit/openapi-types/-/openapi-types-20.0.0.tgz",
          "integrity": "sha512-EtqRBEjp1dL/15V7WiX5LJMIxxkdiGJnabzYx5Apx4FkQIFgAfKumXeYAqqJCj1s+BMX4cPFIFC4OLCR6stlnA=="
        },
        "@octokit/types": {
          "version": "12.6.0",
          "resolved": "https://registry.npmjs.org/@octokit/types/-/types-12.6.0.tgz",
          "integrity": "sha512-1rhSOfRa6H9w4YwK0yrf5faDaDTb+yLyBUKOCV4xtCDB5VmIPqd/v9yr9o6SAzOAlRxMiRiCic6JVM1/kunVkw==",
          "requires": {
            "@octokit/openapi-types": "^20.0.0"
          }
        }
      }
    },
    "@octokit/plugin-rest-endpoint-methods": {
      "version": "10.4.1",
      "resolved": "https://registry.npmjs.org/@octokit/plugin-rest-endpoint-methods/-/plugin-rest-endpoint-methods-10.4.1.tgz",
      "integrity": "sha512-xV1b+ceKV9KytQe3zCVqjg+8GTGfDYwaT1ATU5isiUyVtlVAO3HNdzpS4sr4GBx4hxQ46s7ITtZrAsxG22+rVg==",
      "requires": {
        "@octokit/types": "^12.6.0"
      },
      "dependencies": {
        "@octokit/openapi-types": {
          "version": "20.0.0",
          "resolved": "https://registry.npmjs.org/@octokit/openapi-types/-/openapi-types-20.0.0.tgz",
          "integrity": "sha512-EtqRBEjp1dL/15V7WiX5LJMIxxkdiGJnabzYx5Apx4FkQIFgAfKumXeYAqqJCj1s+BMX4cPFIFC4OLCR6stlnA=="
        },
        "@octokit/types": {
          "version": "12.6.0",
          "resolved": "https://registry.npmjs.org/@octokit/types/-/types-12.6.0.tgz",
          "integrity": "sha512-1rhSOfRa6H9w4YwK0yrf5faDaDTb+yLyBUKOCV4xtCDB5VmIPqd/v9yr9o6SAzOAlRxMiRiCic6JVM1/kunVkw==",
          "requires": {
            "@octokit/openapi-types": "^20.0.0"
          }
        }
      }
    },
    "@octokit/request": {
      "version": "8.3.1",
      "resolved": "https://registry.npmjs.org/@octokit/request/-/request-8.3.1.tgz",
      "integrity": "sha512-fin4cl5eHN5Ybmb/gtn7YZ+ycyUlcyqqkg5lfxeSChqj7sUt6TNaJPehREi+0PABKLREYL8pfaUhH3TicEWNoA==",
      "requires": {
        "@octokit/endpoint": "^9.0.1",
        "@octokit/request-error": "^5.1.0",
        "@octokit/types": "^13.0.0",
        "universal-user-agent": "^6.0.0"
      }
    },
    "@octokit/request-error": {
      "version": "5.1.0",
      "resolved": "https://registry.npmjs.org/@octokit/request-error/-/request-error-5.1.0.tgz",
      "integrity": "sha512-GETXfE05J0+7H2STzekpKObFe765O5dlAKUTLNGeH+x47z7JjXHfsHKo5z21D/o/IOZTUEI6nyWyR+bZVP/n5Q==",
      "requires": {
        "@octokit/types": "^13.1.0",
        "deprecation": "^2.0.0",
        "once": "^1.4.0"
      }
    },
    "@octokit/types": {
      "version": "13.2.0",
      "resolved": "https://registry.npmjs.org/@octokit/types/-/types-13.2.0.tgz",
      "integrity": "sha512-K4rpfbIQLe4UimS/PWZAcImhZUC80lhe2f1NpAaaTulPJXv54QIAFFCQEEbdQdqTV/745QDmdvp8NI49LaI00A==",
      "requires": {
        "@octokit/openapi-types": "^22.0.0"
      }
    },
    "@opentelemetry/api": {
      "version": "1.8.0",
      "resolved": "https://registry.npmjs.org/@opentelemetry/api/-/api-1.8.0.tgz",
      "integrity": "sha512-I/s6F7yKUDdtMsoBWXJe8Qz40Tui5vsuKCWJEWVL+5q9sSWRzzx6v2KeNsOBEwd94j0eWkpWCH4yB6rZg9Mf0w=="
    },
    "@types/node": {
      "version": "20.12.6",
      "resolved": "https://registry.npmjs.org/@types/node/-/node-20.12.6.tgz",
      "integrity": "sha512-3KurE8taB8GCvZBPngVbp0lk5CKi8M9f9k1rsADh0Evdz5SzJ+Q+Hx9uHoFGsLnLnd1xmkDQr2hVhlA0Mn0lKQ==",
      "requires": {
        "undici-types": "~5.26.4"
      }
    },
    "@types/node-fetch": {
      "version": "2.6.11",
      "resolved": "https://registry.npmjs.org/@types/node-fetch/-/node-fetch-2.6.11.tgz",
      "integrity": "sha512-24xFj9R5+rfQJLRyM56qh+wnVSYhyXC2tkoBndtY0U+vubqNsYXGjufB2nn8Q6gt0LrARwL6UBtMCSVCwl4B1g==",
      "requires": {
        "@types/node": "*",
        "form-data": "^4.0.0"
      },
      "dependencies": {
        "form-data": {
          "version": "4.0.0",
          "resolved": "https://registry.npmjs.org/form-data/-/form-data-4.0.0.tgz",
          "integrity": "sha512-ETEklSGi5t0QMZuiXoA/Q6vcnxcLQP5vdugSpuAyi6SVGi2clPPp+xgEhuMaHC+zGgn31Kd235W35f7Hykkaww==",
          "requires": {
            "asynckit": "^0.4.0",
            "combined-stream": "^1.0.8",
            "mime-types": "^2.1.12"
          }
        }
      }
    },
    "@types/tunnel": {
      "version": "0.0.3",
      "resolved": "https://registry.npmjs.org/@types/tunnel/-/tunnel-0.0.3.tgz",
      "integrity": "sha512-sOUTGn6h1SfQ+gbgqC364jLFBw2lnFqkgF3q0WovEHRLMrVD1sd5aufqi/aJObLekJO+Aq5z646U4Oxy6shXMA==",
      "requires": {
        "@types/node": "*"
      }
    },
    "@vercel/ncc": {
      "version": "0.38.1",
      "resolved": "https://registry.npmjs.org/@vercel/ncc/-/ncc-0.38.1.tgz",
      "integrity": "sha512-IBBb+iI2NLu4VQn3Vwldyi2QwaXt5+hTyh58ggAMoCGE6DJmPvwL3KPBWcJl1m9LYPChBLE980Jw+CS4Wokqxw=="
    },
    "abort-controller": {
      "version": "3.0.0",
      "resolved": "https://registry.npmjs.org/abort-controller/-/abort-controller-3.0.0.tgz",
      "integrity": "sha512-h8lQ8tacZYnR3vNQTgibj+tODHI5/+l06Au2Pcriv/Gmet0eaj4TwWH41sO9wnHDiQsEj19q0drzdWdeAHtweg==",
      "requires": {
        "event-target-shim": "^5.0.0"
      }
    },
    "asynckit": {
      "version": "0.4.0",
      "resolved": "https://registry.npmjs.org/asynckit/-/asynckit-0.4.0.tgz",
      "integrity": "sha512-Oei9OH4tRh0YqU3GxhX79dM/mwVgvbZJaSNaRk+bshkj0S5cfHcgYakreBjrHwatXKbz+IoIdYLxrKim2MjW0Q=="
    },
    "balanced-match": {
      "version": "1.0.2",
      "resolved": "https://registry.npmjs.org/balanced-match/-/balanced-match-1.0.2.tgz",
      "integrity": "sha512-3oSeUO0TMV67hN1AmbXsK4yaqU7tjiHlbxRDZOpH0KW9+CeX4bRAaX0Anxt0tx2MrpRpWwQaPwIlISEJhYU5Pw=="
    },
    "before-after-hook": {
      "version": "2.2.3",
      "resolved": "https://registry.npmjs.org/before-after-hook/-/before-after-hook-2.2.3.tgz",
      "integrity": "sha512-NzUnlZexiaH/46WDhANlyR2bXRopNg4F/zuSA3OpZnllCUgRaOF2znDioDWrmbNVsuZk6l9pMquQB38cfBZwkQ=="
    },
    "brace-expansion": {
      "version": "1.1.11",
      "resolved": "https://registry.npmjs.org/brace-expansion/-/brace-expansion-1.1.11.tgz",
      "integrity": "sha512-iCuPHDFgrHX7H2vEI/5xpz07zSHB00TpugqhmYtVmMO6518mCuRMoOYFldEBl0g187ufozdaHgWKcYFb61qGiA==",
      "requires": {
        "balanced-match": "^1.0.0",
        "concat-map": "0.0.1"
      }
    },
    "combined-stream": {
      "version": "1.0.8",
      "resolved": "https://registry.npmjs.org/combined-stream/-/combined-stream-1.0.8.tgz",
      "integrity": "sha512-FQN4MRfuJeHf7cBbBMJFXhKSDq+2kAArBlmRBvcvFE5BB1HZKXtSFASDhdlz9zOYwxh8lDdnvmMOe/+5cdoEdg==",
      "requires": {
        "delayed-stream": "~1.0.0"
      }
    },
    "concat-map": {
      "version": "0.0.1",
      "resolved": "https://registry.npmjs.org/concat-map/-/concat-map-0.0.1.tgz",
      "integrity": "sha512-/Srv4dswyQNBfohGpz9o6Yb3Gz3SrUDqBH5rTuhGR7ahtlbYKnVxw2bCFMRljaA7EXHaXZ8wsHdodFvbkhKmqg=="
    },
    "delayed-stream": {
      "version": "1.0.0",
      "resolved": "https://registry.npmjs.org/delayed-stream/-/delayed-stream-1.0.0.tgz",
      "integrity": "sha512-ZySD7Nf91aLB0RxL4KGrKHBXl7Eds1DAmEdcoVawXnLD7SDhpNgtuII2aAkg7a7QS41jxPSZ17p4VdGnMHk3MQ=="
    },
    "deprecation": {
      "version": "2.3.1",
      "resolved": "https://registry.npmjs.org/deprecation/-/deprecation-2.3.1.tgz",
      "integrity": "sha512-xmHIy4F3scKVwMsQ4WnVaS8bHOx0DmVwRywosKhaILI0ywMDWPtBSku2HNxRvF7jtwDRsoEwYQSfbxj8b7RlJQ=="
    },
    "event-target-shim": {
      "version": "5.0.1",
      "resolved": "https://registry.npmjs.org/event-target-shim/-/event-target-shim-5.0.1.tgz",
      "integrity": "sha512-i/2XbnSz/uxRCU6+NdVJgKWDTM427+MqYbkQzD321DuCQJUqOuJKIA0IM2+W2xtYHdKOmZ4dR6fExsd4SXL+WQ=="
    },
    "events": {
      "version": "3.3.0",
      "resolved": "https://registry.npmjs.org/events/-/events-3.3.0.tgz",
      "integrity": "sha512-mQw+2fkQbALzQ7V0MY0IqdnXNOeTtP4r0lN9z7AAawCXgqea7bDii20AYrIBrFd/Hx0M2Ocz6S111CaFkUcb0Q=="
    },
    "form-data": {
      "version": "2.5.1",
      "resolved": "https://registry.npmjs.org/form-data/-/form-data-2.5.1.tgz",
      "integrity": "sha512-m21N3WOmEEURgk6B9GLOE4RuWOFf28Lhh9qGYeNlGq4VDXUlJy2th2slBNU8Gp8EzloYZOibZJ7t5ecIrFSjVA==",
      "requires": {
        "asynckit": "^0.4.0",
        "combined-stream": "^1.0.6",
        "mime-types": "^2.1.12"
      }
    },
    "mime-db": {
      "version": "1.52.0",
      "resolved": "https://registry.npmjs.org/mime-db/-/mime-db-1.52.0.tgz",
      "integrity": "sha512-sPU4uV7dYlvtWJxwwxHD0PuihVNiE7TyAbQ5SWxDCB9mUYvOgroQOwYQQOKPJ8CIbE+1ETVlOoK1UC2nU3gYvg=="
    },
    "mime-types": {
      "version": "2.1.35",
      "resolved": "https://registry.npmjs.org/mime-types/-/mime-types-2.1.35.tgz",
      "integrity": "sha512-ZDY+bPm5zTTF+YpCrAU9nK0UgICYPT0QtT1NZWFv4s++TNkcgVaT0g6+4R2uI4MjQjzysHB1zxuWL50hzaeXiw==",
      "requires": {
        "mime-db": "1.52.0"
      }
    },
    "minimatch": {
      "version": "3.1.2",
      "resolved": "https://registry.npmjs.org/minimatch/-/minimatch-3.1.2.tgz",
      "integrity": "sha512-J7p63hRiAjw1NDEww1W7i37+ByIrOWO5XQQAzZ3VOcL0PNybwpfmV/N05zFAzwQ9USyEcX6t3UO+K5aqBQOIHw==",
      "requires": {
        "brace-expansion": "^1.1.7"
      }
    },
    "node-fetch": {
      "version": "2.7.0",
      "resolved": "https://registry.npmjs.org/node-fetch/-/node-fetch-2.7.0.tgz",
      "integrity": "sha512-c4FRfUm/dbcWZ7U+1Wq0AwCyFL+3nt2bEw05wfxSz+DWpWsitgmSgYmy2dQdWyKC1694ELPqMs/YzUSNozLt8A==",
      "requires": {
        "whatwg-url": "^5.0.0"
      }
    },
    "once": {
      "version": "1.4.0",
      "resolved": "https://registry.npmjs.org/once/-/once-1.4.0.tgz",
      "integrity": "sha512-lNaJgI+2Q5URQBkccEKHTQOPaXdUxnZZElQTZY0MFUAuaEqe1E+Nyvgdz/aIyNi6Z9MzO5dv1H8n58/GELp3+w==",
      "requires": {
        "wrappy": "1"
      }
    },
    "process": {
      "version": "0.11.10",
      "resolved": "https://registry.npmjs.org/process/-/process-0.11.10.tgz",
      "integrity": "sha512-cdGef/drWFoydD1JsMzuFf8100nZl+GT+yacc2bEced5f9Rjk4z+WtFUTBu9PhOi9j/jfmBPu0mMEY4wIdAF8A=="
    },
    "sax": {
      "version": "1.3.0",
      "resolved": "https://registry.npmjs.org/sax/-/sax-1.3.0.tgz",
      "integrity": "sha512-0s+oAmw9zLl1V1cS9BtZN7JAd0cW5e0QH4W3LWEK6a4LaLEA2OTpGYWDY+6XasBLtz6wkm3u1xRw95mRuJ59WA=="
    },
    "semver": {
      "version": "6.3.1",
      "resolved": "https://registry.npmjs.org/semver/-/semver-6.3.1.tgz",
      "integrity": "sha512-BR7VvDCVHO+q2xBEWskxS6DJE1qRnb7DxzUrogb71CWoSficBxYsiAGd+Kl0mmq/MprG9yArRkyrQxTO6XjMzA=="
    },
    "tr46": {
      "version": "0.0.3",
      "resolved": "https://registry.npmjs.org/tr46/-/tr46-0.0.3.tgz",
      "integrity": "sha512-N3WMsuqV66lT30CrXNbEjx4GEwlow3v6rr4mCcv6prnfwhS01rkgyFdjPNBYd9br7LpXV1+Emh01fHnq2Gdgrw=="
    },
    "tslib": {
      "version": "2.6.2",
      "resolved": "https://registry.npmjs.org/tslib/-/tslib-2.6.2.tgz",
      "integrity": "sha512-AEYxH93jGFPn/a2iVAwW87VuUIkR1FVUKB77NwMF7nBTDkDrrT/Hpt/IrCJ0QXhW27jTBDcf5ZY7w6RiqTMw2Q=="
    },
    "tunnel": {
      "version": "0.0.6",
      "resolved": "https://registry.npmjs.org/tunnel/-/tunnel-0.0.6.tgz",
      "integrity": "sha512-1h/Lnq9yajKY2PEbBadPXj3VxsDDu844OnaAo52UVmIzIvwwtBPIuNvkjuzBlTWpfJyUbG3ez0KSBibQkj4ojg=="
    },
    "undici": {
      "version": "5.28.4",
      "resolved": "https://registry.npmjs.org/undici/-/undici-5.28.4.tgz",
      "integrity": "sha512-72RFADWFqKmUb2hmmvNODKL3p9hcB6Gt2DOQMis1SEBaV6a4MH8soBvzg+95CYhCKPFedut2JY9bMfrDl9D23g==",
      "requires": {
        "@fastify/busboy": "^2.0.0"
      }
    },
    "undici-types": {
      "version": "5.26.5",
      "resolved": "https://registry.npmjs.org/undici-types/-/undici-types-5.26.5.tgz",
      "integrity": "sha512-JlCMO+ehdEIKqlFxk6IfVoAUVmgz7cU7zD/h9XZ0qzeosSHmUJVOzSQvvYSYWXkFXC+IfLKSIffhv0sVZup6pA=="
    },
    "universal-user-agent": {
      "version": "6.0.1",
      "resolved": "https://registry.npmjs.org/universal-user-agent/-/universal-user-agent-6.0.1.tgz",
      "integrity": "sha512-yCzhz6FN2wU1NiiQRogkTQszlQSlpWaw8SvVegAc+bDxbzHgh1vX8uIe8OYyMH6DwH+sdTJsgMl36+mSMdRJIQ=="
    },
    "uuid": {
      "version": "3.4.0",
      "resolved": "https://registry.npmjs.org/uuid/-/uuid-3.4.0.tgz",
      "integrity": "sha512-HjSDRw6gZE5JMggctHBcjVak08+KEVhSIiDzFnT9S9aegmp85S/bReBVTb4QTFaRNptJ9kuYaNhnbNEOkbKb/A=="
    },
    "webidl-conversions": {
      "version": "3.0.1",
      "resolved": "https://registry.npmjs.org/webidl-conversions/-/webidl-conversions-3.0.1.tgz",
      "integrity": "sha512-2JAn3z8AR6rjK8Sm8orRC0h/bcl/DqL7tRPdGZ4I1CjdF+EaMLmYxBHyXuKL849eucPFhvBoxMsflfOb8kxaeQ=="
    },
    "whatwg-url": {
      "version": "5.0.0",
      "resolved": "https://registry.npmjs.org/whatwg-url/-/whatwg-url-5.0.0.tgz",
      "integrity": "sha512-saE57nupxk6v3HY35+jzBwYa0rKSy0XR8JSxZPwgLr7ys0IBzhGviA1/TUGJLmSVqs8pb9AnvICXEuOHLprYTw==",
      "requires": {
        "tr46": "~0.0.3",
        "webidl-conversions": "^3.0.0"
      }
    },
    "wrappy": {
      "version": "1.0.2",
      "resolved": "https://registry.npmjs.org/wrappy/-/wrappy-1.0.2.tgz",
      "integrity": "sha512-l4Sp/DRseor9wL6EvV2+TuQn63dMkPjZ/sp9XkghTEbV9KlPS1xUsZ3u7/IQO4wxtcFB4bgpQPRcR3QCvezPcQ=="
    },
    "xml2js": {
      "version": "0.5.0",
      "resolved": "https://registry.npmjs.org/xml2js/-/xml2js-0.5.0.tgz",
      "integrity": "sha512-drPFnkQJik/O+uPKpqSgr22mpuFHqKdbS835iAQrUC73L2F5WkboIRd63ai/2Yg6I1jzifPFKH2NTK+cfglkIA==",
      "requires": {
        "sax": ">=0.6.0",
        "xmlbuilder": "~11.0.0"
      }
    },
    "xmlbuilder": {
      "version": "11.0.1",
      "resolved": "https://registry.npmjs.org/xmlbuilder/-/xmlbuilder-11.0.1.tgz",
      "integrity": "sha512-fDlsI/kFEx7gLvbecc0/ohLG50fugQp8ryHzMTuW9vSa1GJ0XYWKnhsUx7oie3G98+r56aTQIUB4kht42R3JvA=="
    },
    "yaml": {
      "version": "2.4.1",
      "resolved": "https://registry.npmjs.org/yaml/-/yaml-2.4.1.tgz",
      "integrity": "sha512-pIXzoImaqmfOrL7teGUBt/T7ZDnyeGBWyXQBvOVhLkWLN37GXv8NMLK406UY6dS51JfcQHsmcW5cJ441bHg6Lg=="
    }
  }
}
